// !$*UTF8*$!
{
	archiveVersion = 1;
	classes = {
	};
	objectVersion = 51;
	objects = {

/* Begin PBXBuildFile section */
		64871F929B5534FFB4235449 /* Pods_firebase_auth.framework in Frameworks */ = {isa = PBXBuildFile; fileRef = AF8F81697D89423BB1046BA5 /* Pods_firebase_auth.framework */; };
		8A30B6C35C4210D029750E8B /* Pods_firebase_authTests.framework in Frameworks */ = {isa = PBXBuildFile; fileRef = 211E745FC593DE7009A41D88 /* Pods_firebase_authTests.framework */; };
		B01C653A30C3A55556FBA1DE /* Pods_firebase_auth_firebase_authUITests.framework in Frameworks */ = {isa = PBXBuildFile; fileRef = 39F775192AF1000D69AC438D /* Pods_firebase_auth_firebase_authUITests.framework */; };
		C83D04FE23FF574F00B9F513 /* Environment.swift in Sources */ = {isa = PBXBuildFile; fileRef = C83D04FD23FF574F00B9F513 /* Environment.swift */; };
		C83D050023FF58D800B9F513 /* FirebaseAuth.swift in Sources */ = {isa = PBXBuildFile; fileRef = C83D04FF23FF58D800B9F513 /* FirebaseAuth.swift */; };
		C8695727234440D7007FF50F /* AppDelegate.swift in Sources */ = {isa = PBXBuildFile; fileRef = C8695726234440D7007FF50F /* AppDelegate.swift */; };
		C8695729234440D7007FF50F /* SceneDelegate.swift in Sources */ = {isa = PBXBuildFile; fileRef = C8695728234440D7007FF50F /* SceneDelegate.swift */; };
		C869572B234440D7007FF50F /* ContentView.swift in Sources */ = {isa = PBXBuildFile; fileRef = C869572A234440D7007FF50F /* ContentView.swift */; };
		C869572D234440D8007FF50F /* Assets.xcassets in Resources */ = {isa = PBXBuildFile; fileRef = C869572C234440D8007FF50F /* Assets.xcassets */; };
		C8695730234440D8007FF50F /* Preview Assets.xcassets in Resources */ = {isa = PBXBuildFile; fileRef = C869572F234440D8007FF50F /* Preview Assets.xcassets */; };
		C8695733234440D8007FF50F /* LaunchScreen.storyboard in Resources */ = {isa = PBXBuildFile; fileRef = C8695731234440D8007FF50F /* LaunchScreen.storyboard */; };
		C869573E234440D9007FF50F /* firebase_authTests.swift in Sources */ = {isa = PBXBuildFile; fileRef = C869573D234440D9007FF50F /* firebase_authTests.swift */; };
		C8695749234440D9007FF50F /* firebase_authUITests.swift in Sources */ = {isa = PBXBuildFile; fileRef = C8695748234440D9007FF50F /* firebase_authUITests.swift */; };
		C8DC283F2344BC23002D78EB /* GoogleService-Info.plist in Resources */ = {isa = PBXBuildFile; fileRef = C8DC283E2344BC23002D78EB /* GoogleService-Info.plist */; };
/* End PBXBuildFile section */

/* Begin PBXContainerItemProxy section */
		C869573A234440D9007FF50F /* PBXContainerItemProxy */ = {
			isa = PBXContainerItemProxy;
			containerPortal = C869571B234440D7007FF50F /* Project object */;
			proxyType = 1;
			remoteGlobalIDString = C8695722234440D7007FF50F;
			remoteInfo = "firebase-auth";
		};
		C8695745234440D9007FF50F /* PBXContainerItemProxy */ = {
			isa = PBXContainerItemProxy;
			containerPortal = C869571B234440D7007FF50F /* Project object */;
			proxyType = 1;
			remoteGlobalIDString = C8695722234440D7007FF50F;
			remoteInfo = "firebase-auth";
		};
/* End PBXContainerItemProxy section */

/* Begin PBXFileReference section */
		18955966535526A90FE8EBA6 /* Pods-firebase-auth.release.xcconfig */ = {isa = PBXFileReference; includeInIndex = 1; lastKnownFileType = text.xcconfig; name = "Pods-firebase-auth.release.xcconfig"; path = "Target Support Files/Pods-firebase-auth/Pods-firebase-auth.release.xcconfig"; sourceTree = "<group>"; };
		211E745FC593DE7009A41D88 /* Pods_firebase_authTests.framework */ = {isa = PBXFileReference; explicitFileType = wrapper.framework; includeInIndex = 0; path = Pods_firebase_authTests.framework; sourceTree = BUILT_PRODUCTS_DIR; };
		2E20F36961E0B1EECCCCA40A /* Pods-firebase-auth.debug.xcconfig */ = {isa = PBXFileReference; includeInIndex = 1; lastKnownFileType = text.xcconfig; name = "Pods-firebase-auth.debug.xcconfig"; path = "Target Support Files/Pods-firebase-auth/Pods-firebase-auth.debug.xcconfig"; sourceTree = "<group>"; };
		39F775192AF1000D69AC438D /* Pods_firebase_auth_firebase_authUITests.framework */ = {isa = PBXFileReference; explicitFileType = wrapper.framework; includeInIndex = 0; path = Pods_firebase_auth_firebase_authUITests.framework; sourceTree = BUILT_PRODUCTS_DIR; };
		62DA6488D424FFB69A4AB4F7 /* Pods-firebase-authTests.release.xcconfig */ = {isa = PBXFileReference; includeInIndex = 1; lastKnownFileType = text.xcconfig; name = "Pods-firebase-authTests.release.xcconfig"; path = "Target Support Files/Pods-firebase-authTests/Pods-firebase-authTests.release.xcconfig"; sourceTree = "<group>"; };
		720BB3B3112A767ACAF23AF8 /* Pods-firebase-auth-firebase-authUITests.release.xcconfig */ = {isa = PBXFileReference; includeInIndex = 1; lastKnownFileType = text.xcconfig; name = "Pods-firebase-auth-firebase-authUITests.release.xcconfig"; path = "Target Support Files/Pods-firebase-auth-firebase-authUITests/Pods-firebase-auth-firebase-authUITests.release.xcconfig"; sourceTree = "<group>"; };
		9A70766F4BED724ED1292F6F /* Pods-firebase-auth-firebase-authUITests.debug.xcconfig */ = {isa = PBXFileReference; includeInIndex = 1; lastKnownFileType = text.xcconfig; name = "Pods-firebase-auth-firebase-authUITests.debug.xcconfig"; path = "Target Support Files/Pods-firebase-auth-firebase-authUITests/Pods-firebase-auth-firebase-authUITests.debug.xcconfig"; sourceTree = "<group>"; };
		A1E176BC3636D76179511F0C /* Pods-firebase-authTests.debug.xcconfig */ = {isa = PBXFileReference; includeInIndex = 1; lastKnownFileType = text.xcconfig; name = "Pods-firebase-authTests.debug.xcconfig"; path = "Target Support Files/Pods-firebase-authTests/Pods-firebase-authTests.debug.xcconfig"; sourceTree = "<group>"; };
		AF8F81697D89423BB1046BA5 /* Pods_firebase_auth.framework */ = {isa = PBXFileReference; explicitFileType = wrapper.framework; includeInIndex = 0; path = Pods_firebase_auth.framework; sourceTree = BUILT_PRODUCTS_DIR; };
		C83D04FD23FF574F00B9F513 /* Environment.swift */ = {isa = PBXFileReference; lastKnownFileType = sourcecode.swift; path = Environment.swift; sourceTree = "<group>"; };
		C83D04FF23FF58D800B9F513 /* FirebaseAuth.swift */ = {isa = PBXFileReference; lastKnownFileType = sourcecode.swift; path = FirebaseAuth.swift; sourceTree = "<group>"; };
		C8695723234440D7007FF50F /* firebase-auth.app */ = {isa = PBXFileReference; explicitFileType = wrapper.application; includeInIndex = 0; path = "firebase-auth.app"; sourceTree = BUILT_PRODUCTS_DIR; };
		C8695726234440D7007FF50F /* AppDelegate.swift */ = {isa = PBXFileReference; lastKnownFileType = sourcecode.swift; path = AppDelegate.swift; sourceTree = "<group>"; };
		C8695728234440D7007FF50F /* SceneDelegate.swift */ = {isa = PBXFileReference; lastKnownFileType = sourcecode.swift; path = SceneDelegate.swift; sourceTree = "<group>"; };
		C869572A234440D7007FF50F /* ContentView.swift */ = {isa = PBXFileReference; lastKnownFileType = sourcecode.swift; path = ContentView.swift; sourceTree = "<group>"; };
		C869572C234440D8007FF50F /* Assets.xcassets */ = {isa = PBXFileReference; lastKnownFileType = folder.assetcatalog; path = Assets.xcassets; sourceTree = "<group>"; };
		C869572F234440D8007FF50F /* Preview Assets.xcassets */ = {isa = PBXFileReference; lastKnownFileType = folder.assetcatalog; path = "Preview Assets.xcassets"; sourceTree = "<group>"; };
		C8695732234440D8007FF50F /* Base */ = {isa = PBXFileReference; lastKnownFileType = file.storyboard; name = Base; path = Base.lproj/LaunchScreen.storyboard; sourceTree = "<group>"; };
		C8695734234440D8007FF50F /* Info.plist */ = {isa = PBXFileReference; lastKnownFileType = text.plist.xml; path = Info.plist; sourceTree = "<group>"; };
		C8695739234440D9007FF50F /* firebase-authTests.xctest */ = {isa = PBXFileReference; explicitFileType = wrapper.cfbundle; includeInIndex = 0; path = "firebase-authTests.xctest"; sourceTree = BUILT_PRODUCTS_DIR; };
		C869573D234440D9007FF50F /* firebase_authTests.swift */ = {isa = PBXFileReference; lastKnownFileType = sourcecode.swift; path = firebase_authTests.swift; sourceTree = "<group>"; };
		C869573F234440D9007FF50F /* Info.plist */ = {isa = PBXFileReference; lastKnownFileType = text.plist.xml; path = Info.plist; sourceTree = "<group>"; };
		C8695744234440D9007FF50F /* firebase-authUITests.xctest */ = {isa = PBXFileReference; explicitFileType = wrapper.cfbundle; includeInIndex = 0; path = "firebase-authUITests.xctest"; sourceTree = BUILT_PRODUCTS_DIR; };
		C8695748234440D9007FF50F /* firebase_authUITests.swift */ = {isa = PBXFileReference; lastKnownFileType = sourcecode.swift; path = firebase_authUITests.swift; sourceTree = "<group>"; };
		C869574A234440D9007FF50F /* Info.plist */ = {isa = PBXFileReference; lastKnownFileType = text.plist.xml; path = Info.plist; sourceTree = "<group>"; };
		C8DC283E2344BC23002D78EB /* GoogleService-Info.plist */ = {isa = PBXFileReference; fileEncoding = 4; lastKnownFileType = text.plist.xml; path = "GoogleService-Info.plist"; sourceTree = "<group>"; };
		C8E4C2F523FCB374001F2932 /* firebase-auth.entitlements */ = {isa = PBXFileReference; lastKnownFileType = text.plist.entitlements; path = "firebase-auth.entitlements"; sourceTree = "<group>"; };
/* End PBXFileReference section */

/* Begin PBXFrameworksBuildPhase section */
		C8695720234440D7007FF50F /* Frameworks */ = {
			isa = PBXFrameworksBuildPhase;
			buildActionMask = 2147483647;
			files = (
				64871F929B5534FFB4235449 /* Pods_firebase_auth.framework in Frameworks */,
			);
			runOnlyForDeploymentPostprocessing = 0;
		};
		C8695736234440D9007FF50F /* Frameworks */ = {
			isa = PBXFrameworksBuildPhase;
			buildActionMask = 2147483647;
			files = (
				8A30B6C35C4210D029750E8B /* Pods_firebase_authTests.framework in Frameworks */,
			);
			runOnlyForDeploymentPostprocessing = 0;
		};
		C8695741234440D9007FF50F /* Frameworks */ = {
			isa = PBXFrameworksBuildPhase;
			buildActionMask = 2147483647;
			files = (
				B01C653A30C3A55556FBA1DE /* Pods_firebase_auth_firebase_authUITests.framework in Frameworks */,
			);
			runOnlyForDeploymentPostprocessing = 0;
		};
/* End PBXFrameworksBuildPhase section */

/* Begin PBXGroup section */
		28627E6F88A1CB9F091C897A /* Pods */ = {
			isa = PBXGroup;
			children = (
				2E20F36961E0B1EECCCCA40A /* Pods-firebase-auth.debug.xcconfig */,
				18955966535526A90FE8EBA6 /* Pods-firebase-auth.release.xcconfig */,
				9A70766F4BED724ED1292F6F /* Pods-firebase-auth-firebase-authUITests.debug.xcconfig */,
				720BB3B3112A767ACAF23AF8 /* Pods-firebase-auth-firebase-authUITests.release.xcconfig */,
				A1E176BC3636D76179511F0C /* Pods-firebase-authTests.debug.xcconfig */,
				62DA6488D424FFB69A4AB4F7 /* Pods-firebase-authTests.release.xcconfig */,
			);
			path = Pods;
			sourceTree = "<group>";
		};
		C869571A234440D7007FF50F = {
			isa = PBXGroup;
			children = (
				C8695725234440D7007FF50F /* firebase-auth */,
				C869573C234440D9007FF50F /* firebase-authTests */,
				C8695747234440D9007FF50F /* firebase-authUITests */,
				C8695724234440D7007FF50F /* Products */,
				28627E6F88A1CB9F091C897A /* Pods */,
				FDF8CA9794DA768C4EF7C07A /* Frameworks */,
			);
			sourceTree = "<group>";
		};
		C8695724234440D7007FF50F /* Products */ = {
			isa = PBXGroup;
			children = (
				C8695723234440D7007FF50F /* firebase-auth.app */,
				C8695739234440D9007FF50F /* firebase-authTests.xctest */,
				C8695744234440D9007FF50F /* firebase-authUITests.xctest */,
			);
			name = Products;
			sourceTree = "<group>";
		};
		C8695725234440D7007FF50F /* firebase-auth */ = {
			isa = PBXGroup;
			children = (
				C8E4C2F523FCB374001F2932 /* firebase-auth.entitlements */,
				C8695726234440D7007FF50F /* AppDelegate.swift */,
				C8695728234440D7007FF50F /* SceneDelegate.swift */,
				C869572A234440D7007FF50F /* ContentView.swift */,
				C869572C234440D8007FF50F /* Assets.xcassets */,
				C8695731234440D8007FF50F /* LaunchScreen.storyboard */,
				C8695734234440D8007FF50F /* Info.plist */,
				C8DC283E2344BC23002D78EB /* GoogleService-Info.plist */,
				C869572E234440D8007FF50F /* Preview Content */,
				C83D04FD23FF574F00B9F513 /* Environment.swift */,
				C83D04FF23FF58D800B9F513 /* FirebaseAuth.swift */,
			);
			path = "firebase-auth";
			sourceTree = "<group>";
		};
		C869572E234440D8007FF50F /* Preview Content */ = {
			isa = PBXGroup;
			children = (
				C869572F234440D8007FF50F /* Preview Assets.xcassets */,
			);
			path = "Preview Content";
			sourceTree = "<group>";
		};
		C869573C234440D9007FF50F /* firebase-authTests */ = {
			isa = PBXGroup;
			children = (
				C869573D234440D9007FF50F /* firebase_authTests.swift */,
				C869573F234440D9007FF50F /* Info.plist */,
			);
			path = "firebase-authTests";
			sourceTree = "<group>";
		};
		C8695747234440D9007FF50F /* firebase-authUITests */ = {
			isa = PBXGroup;
			children = (
				C8695748234440D9007FF50F /* firebase_authUITests.swift */,
				C869574A234440D9007FF50F /* Info.plist */,
			);
			path = "firebase-authUITests";
			sourceTree = "<group>";
		};
		FDF8CA9794DA768C4EF7C07A /* Frameworks */ = {
			isa = PBXGroup;
			children = (
				AF8F81697D89423BB1046BA5 /* Pods_firebase_auth.framework */,
				39F775192AF1000D69AC438D /* Pods_firebase_auth_firebase_authUITests.framework */,
				211E745FC593DE7009A41D88 /* Pods_firebase_authTests.framework */,
			);
			name = Frameworks;
			sourceTree = "<group>";
		};
/* End PBXGroup section */

/* Begin PBXNativeTarget section */
		C8695722234440D7007FF50F /* firebase-auth */ = {
			isa = PBXNativeTarget;
			buildConfigurationList = C869574D234440D9007FF50F /* Build configuration list for PBXNativeTarget "firebase-auth" */;
			buildPhases = (
				0430BBCF454E5A76AF0A970D /* [CP] Check Pods Manifest.lock */,
				C869571F234440D7007FF50F /* Sources */,
				C8695720234440D7007FF50F /* Frameworks */,
				C8695721234440D7007FF50F /* Resources */,
				61A503A8FC82A433085BC1D0 /* [CP] Embed Pods Frameworks */,
				584C940BD6CABC479B51874F /* [CP] Copy Pods Resources */,
			);
			buildRules = (
			);
			dependencies = (
			);
			name = "firebase-auth";
			productName = "firebase-auth";
			productReference = C8695723234440D7007FF50F /* firebase-auth.app */;
			productType = "com.apple.product-type.application";
		};
		C8695738234440D9007FF50F /* firebase-authTests */ = {
			isa = PBXNativeTarget;
			buildConfigurationList = C8695750234440D9007FF50F /* Build configuration list for PBXNativeTarget "firebase-authTests" */;
			buildPhases = (
				07F92815591156D412D165EC /* [CP] Check Pods Manifest.lock */,
				C8695735234440D9007FF50F /* Sources */,
				C8695736234440D9007FF50F /* Frameworks */,
				C8695737234440D9007FF50F /* Resources */,
			);
			buildRules = (
			);
			dependencies = (
				C869573B234440D9007FF50F /* PBXTargetDependency */,
			);
			name = "firebase-authTests";
			productName = "firebase-authTests";
			productReference = C8695739234440D9007FF50F /* firebase-authTests.xctest */;
			productType = "com.apple.product-type.bundle.unit-test";
		};
		C8695743234440D9007FF50F /* firebase-authUITests */ = {
			isa = PBXNativeTarget;
			buildConfigurationList = C8695753234440D9007FF50F /* Build configuration list for PBXNativeTarget "firebase-authUITests" */;
			buildPhases = (
				1940063DB4DF586E71486E25 /* [CP] Check Pods Manifest.lock */,
				C8695740234440D9007FF50F /* Sources */,
				C8695741234440D9007FF50F /* Frameworks */,
				C8695742234440D9007FF50F /* Resources */,
				73E313DFE128A1AF37B3C0C8 /* [CP] Embed Pods Frameworks */,
				8734CB3EDFA364CB7D60806A /* [CP] Copy Pods Resources */,
			);
			buildRules = (
			);
			dependencies = (
				C8695746234440D9007FF50F /* PBXTargetDependency */,
			);
			name = "firebase-authUITests";
			productName = "firebase-authUITests";
			productReference = C8695744234440D9007FF50F /* firebase-authUITests.xctest */;
			productType = "com.apple.product-type.bundle.ui-testing";
		};
/* End PBXNativeTarget section */

/* Begin PBXProject section */
		C869571B234440D7007FF50F /* Project object */ = {
			isa = PBXProject;
			attributes = {
				LastSwiftUpdateCheck = 1100;
				LastUpgradeCheck = 1100;
				ORGANIZATIONNAME = "Shinichiro Shimoda";
				TargetAttributes = {
					C8695722234440D7007FF50F = {
						CreatedOnToolsVersion = 11.0;
					};
					C8695738234440D9007FF50F = {
						CreatedOnToolsVersion = 11.0;
						TestTargetID = C8695722234440D7007FF50F;
					};
					C8695743234440D9007FF50F = {
						CreatedOnToolsVersion = 11.0;
						TestTargetID = C8695722234440D7007FF50F;
					};
				};
			};
			buildConfigurationList = C869571E234440D7007FF50F /* Build configuration list for PBXProject "firebase-auth" */;
			compatibilityVersion = "Xcode 9.3";
			developmentRegion = en;
			hasScannedForEncodings = 0;
			knownRegions = (
				en,
				Base,
			);
			mainGroup = C869571A234440D7007FF50F;
			productRefGroup = C8695724234440D7007FF50F /* Products */;
			projectDirPath = "";
			projectRoot = "";
			targets = (
				C8695722234440D7007FF50F /* firebase-auth */,
				C8695738234440D9007FF50F /* firebase-authTests */,
				C8695743234440D9007FF50F /* firebase-authUITests */,
			);
		};
/* End PBXProject section */

/* Begin PBXResourcesBuildPhase section */
		C8695721234440D7007FF50F /* Resources */ = {
			isa = PBXResourcesBuildPhase;
			buildActionMask = 2147483647;
			files = (
				C8695733234440D8007FF50F /* LaunchScreen.storyboard in Resources */,
				C8DC283F2344BC23002D78EB /* GoogleService-Info.plist in Resources */,
				C8695730234440D8007FF50F /* Preview Assets.xcassets in Resources */,
				C869572D234440D8007FF50F /* Assets.xcassets in Resources */,
			);
			runOnlyForDeploymentPostprocessing = 0;
		};
		C8695737234440D9007FF50F /* Resources */ = {
			isa = PBXResourcesBuildPhase;
			buildActionMask = 2147483647;
			files = (
			);
			runOnlyForDeploymentPostprocessing = 0;
		};
		C8695742234440D9007FF50F /* Resources */ = {
			isa = PBXResourcesBuildPhase;
			buildActionMask = 2147483647;
			files = (
			);
			runOnlyForDeploymentPostprocessing = 0;
		};
/* End PBXResourcesBuildPhase section */

/* Begin PBXShellScriptBuildPhase section */
		0430BBCF454E5A76AF0A970D /* [CP] Check Pods Manifest.lock */ = {
			isa = PBXShellScriptBuildPhase;
			buildActionMask = 2147483647;
			files = (
			);
			inputFileListPaths = (
			);
			inputPaths = (
				"${PODS_PODFILE_DIR_PATH}/Podfile.lock",
				"${PODS_ROOT}/Manifest.lock",
			);
			name = "[CP] Check Pods Manifest.lock";
			outputFileListPaths = (
			);
			outputPaths = (
				"$(DERIVED_FILE_DIR)/Pods-firebase-auth-checkManifestLockResult.txt",
			);
			runOnlyForDeploymentPostprocessing = 0;
			shellPath = /bin/sh;
			shellScript = "diff \"${PODS_PODFILE_DIR_PATH}/Podfile.lock\" \"${PODS_ROOT}/Manifest.lock\" > /dev/null\nif [ $? != 0 ] ; then\n    # print error to STDERR\n    echo \"error: The sandbox is not in sync with the Podfile.lock. Run 'pod install' or update your CocoaPods installation.\" >&2\n    exit 1\nfi\n# This output is used by Xcode 'outputs' to avoid re-running this script phase.\necho \"SUCCESS\" > \"${SCRIPT_OUTPUT_FILE_0}\"\n";
			showEnvVarsInLog = 0;
		};
		07F92815591156D412D165EC /* [CP] Check Pods Manifest.lock */ = {
			isa = PBXShellScriptBuildPhase;
			buildActionMask = 2147483647;
			files = (
			);
			inputFileListPaths = (
			);
			inputPaths = (
				"${PODS_PODFILE_DIR_PATH}/Podfile.lock",
				"${PODS_ROOT}/Manifest.lock",
			);
			name = "[CP] Check Pods Manifest.lock";
			outputFileListPaths = (
			);
			outputPaths = (
				"$(DERIVED_FILE_DIR)/Pods-firebase-authTests-checkManifestLockResult.txt",
			);
			runOnlyForDeploymentPostprocessing = 0;
			shellPath = /bin/sh;
			shellScript = "diff \"${PODS_PODFILE_DIR_PATH}/Podfile.lock\" \"${PODS_ROOT}/Manifest.lock\" > /dev/null\nif [ $? != 0 ] ; then\n    # print error to STDERR\n    echo \"error: The sandbox is not in sync with the Podfile.lock. Run 'pod install' or update your CocoaPods installation.\" >&2\n    exit 1\nfi\n# This output is used by Xcode 'outputs' to avoid re-running this script phase.\necho \"SUCCESS\" > \"${SCRIPT_OUTPUT_FILE_0}\"\n";
			showEnvVarsInLog = 0;
		};
		1940063DB4DF586E71486E25 /* [CP] Check Pods Manifest.lock */ = {
			isa = PBXShellScriptBuildPhase;
			buildActionMask = 2147483647;
			files = (
			);
			inputFileListPaths = (
			);
			inputPaths = (
				"${PODS_PODFILE_DIR_PATH}/Podfile.lock",
				"${PODS_ROOT}/Manifest.lock",
			);
			name = "[CP] Check Pods Manifest.lock";
			outputFileListPaths = (
			);
			outputPaths = (
				"$(DERIVED_FILE_DIR)/Pods-firebase-auth-firebase-authUITests-checkManifestLockResult.txt",
			);
			runOnlyForDeploymentPostprocessing = 0;
			shellPath = /bin/sh;
			shellScript = "diff \"${PODS_PODFILE_DIR_PATH}/Podfile.lock\" \"${PODS_ROOT}/Manifest.lock\" > /dev/null\nif [ $? != 0 ] ; then\n    # print error to STDERR\n    echo \"error: The sandbox is not in sync with the Podfile.lock. Run 'pod install' or update your CocoaPods installation.\" >&2\n    exit 1\nfi\n# This output is used by Xcode 'outputs' to avoid re-running this script phase.\necho \"SUCCESS\" > \"${SCRIPT_OUTPUT_FILE_0}\"\n";
			showEnvVarsInLog = 0;
		};
		584C940BD6CABC479B51874F /* [CP] Copy Pods Resources */ = {
			isa = PBXShellScriptBuildPhase;
			buildActionMask = 2147483647;
			files = (
			);
			inputFileListPaths = (
				"${PODS_ROOT}/Target Support Files/Pods-firebase-auth/Pods-firebase-auth-resources-${CONFIGURATION}-input-files.xcfilelist",
			);
			name = "[CP] Copy Pods Resources";
			outputFileListPaths = (
				"${PODS_ROOT}/Target Support Files/Pods-firebase-auth/Pods-firebase-auth-resources-${CONFIGURATION}-output-files.xcfilelist",
			);
			runOnlyForDeploymentPostprocessing = 0;
			shellPath = /bin/sh;
			shellScript = "\"${PODS_ROOT}/Target Support Files/Pods-firebase-auth/Pods-firebase-auth-resources.sh\"\n";
			showEnvVarsInLog = 0;
		};
		61A503A8FC82A433085BC1D0 /* [CP] Embed Pods Frameworks */ = {
			isa = PBXShellScriptBuildPhase;
			buildActionMask = 2147483647;
			files = (
			);
			inputFileListPaths = (
				"${PODS_ROOT}/Target Support Files/Pods-firebase-auth/Pods-firebase-auth-frameworks-${CONFIGURATION}-input-files.xcfilelist",
			);
			name = "[CP] Embed Pods Frameworks";
			outputFileListPaths = (
				"${PODS_ROOT}/Target Support Files/Pods-firebase-auth/Pods-firebase-auth-frameworks-${CONFIGURATION}-output-files.xcfilelist",
			);
			runOnlyForDeploymentPostprocessing = 0;
			shellPath = /bin/sh;
			shellScript = "\"${PODS_ROOT}/Target Support Files/Pods-firebase-auth/Pods-firebase-auth-frameworks.sh\"\n";
			showEnvVarsInLog = 0;
		};
		73E313DFE128A1AF37B3C0C8 /* [CP] Embed Pods Frameworks */ = {
			isa = PBXShellScriptBuildPhase;
			buildActionMask = 2147483647;
			files = (
			);
			inputFileListPaths = (
				"${PODS_ROOT}/Target Support Files/Pods-firebase-auth-firebase-authUITests/Pods-firebase-auth-firebase-authUITests-frameworks-${CONFIGURATION}-input-files.xcfilelist",
			);
			name = "[CP] Embed Pods Frameworks";
			outputFileListPaths = (
				"${PODS_ROOT}/Target Support Files/Pods-firebase-auth-firebase-authUITests/Pods-firebase-auth-firebase-authUITests-frameworks-${CONFIGURATION}-output-files.xcfilelist",
			);
			runOnlyForDeploymentPostprocessing = 0;
			shellPath = /bin/sh;
			shellScript = "\"${PODS_ROOT}/Target Support Files/Pods-firebase-auth-firebase-authUITests/Pods-firebase-auth-firebase-authUITests-frameworks.sh\"\n";
			showEnvVarsInLog = 0;
		};
		8734CB3EDFA364CB7D60806A /* [CP] Copy Pods Resources */ = {
			isa = PBXShellScriptBuildPhase;
			buildActionMask = 2147483647;
			files = (
			);
			inputFileListPaths = (
				"${PODS_ROOT}/Target Support Files/Pods-firebase-auth-firebase-authUITests/Pods-firebase-auth-firebase-authUITests-resources-${CONFIGURATION}-input-files.xcfilelist",
			);
			name = "[CP] Copy Pods Resources";
			outputFileListPaths = (
				"${PODS_ROOT}/Target Support Files/Pods-firebase-auth-firebase-authUITests/Pods-firebase-auth-firebase-authUITests-resources-${CONFIGURATION}-output-files.xcfilelist",
			);
			runOnlyForDeploymentPostprocessing = 0;
			shellPath = /bin/sh;
			shellScript = "\"${PODS_ROOT}/Target Support Files/Pods-firebase-auth-firebase-authUITests/Pods-firebase-auth-firebase-authUITests-resources.sh\"\n";
			showEnvVarsInLog = 0;
		};
/* End PBXShellScriptBuildPhase section */

/* Begin PBXSourcesBuildPhase section */
		C869571F234440D7007FF50F /* Sources */ = {
			isa = PBXSourcesBuildPhase;
			buildActionMask = 2147483647;
			files = (
				C8695727234440D7007FF50F /* AppDelegate.swift in Sources */,
				C8695729234440D7007FF50F /* SceneDelegate.swift in Sources */,
				C83D050023FF58D800B9F513 /* FirebaseAuth.swift in Sources */,
				C869572B234440D7007FF50F /* ContentView.swift in Sources */,
				C83D04FE23FF574F00B9F513 /* Environment.swift in Sources */,
			);
			runOnlyForDeploymentPostprocessing = 0;
		};
		C8695735234440D9007FF50F /* Sources */ = {
			isa = PBXSourcesBuildPhase;
			buildActionMask = 2147483647;
			files = (
				C869573E234440D9007FF50F /* firebase_authTests.swift in Sources */,
			);
			runOnlyForDeploymentPostprocessing = 0;
		};
		C8695740234440D9007FF50F /* Sources */ = {
			isa = PBXSourcesBuildPhase;
			buildActionMask = 2147483647;
			files = (
				C8695749234440D9007FF50F /* firebase_authUITests.swift in Sources */,
			);
			runOnlyForDeploymentPostprocessing = 0;
		};
/* End PBXSourcesBuildPhase section */

/* Begin PBXTargetDependency section */
		C869573B234440D9007FF50F /* PBXTargetDependency */ = {
			isa = PBXTargetDependency;
			target = C8695722234440D7007FF50F /* firebase-auth */;
			targetProxy = C869573A234440D9007FF50F /* PBXContainerItemProxy */;
		};
		C8695746234440D9007FF50F /* PBXTargetDependency */ = {
			isa = PBXTargetDependency;
			target = C8695722234440D7007FF50F /* firebase-auth */;
			targetProxy = C8695745234440D9007FF50F /* PBXContainerItemProxy */;
		};
/* End PBXTargetDependency section */

/* Begin PBXVariantGroup section */
		C8695731234440D8007FF50F /* LaunchScreen.storyboard */ = {
			isa = PBXVariantGroup;
			children = (
				C8695732234440D8007FF50F /* Base */,
			);
			name = LaunchScreen.storyboard;
			sourceTree = "<group>";
		};
/* End PBXVariantGroup section */

/* Begin XCBuildConfiguration section */
		C869574B234440D9007FF50F /* Debug */ = {
			isa = XCBuildConfiguration;
			buildSettings = {
				ALWAYS_SEARCH_USER_PATHS = NO;
				CLANG_ANALYZER_NONNULL = YES;
				CLANG_ANALYZER_NUMBER_OBJECT_CONVERSION = YES_AGGRESSIVE;
				CLANG_CXX_LANGUAGE_STANDARD = "gnu++14";
				CLANG_CXX_LIBRARY = "libc++";
				CLANG_ENABLE_MODULES = YES;
				CLANG_ENABLE_OBJC_ARC = YES;
				CLANG_ENABLE_OBJC_WEAK = YES;
				CLANG_WARN_BLOCK_CAPTURE_AUTORELEASING = YES;
				CLANG_WARN_BOOL_CONVERSION = YES;
				CLANG_WARN_COMMA = YES;
				CLANG_WARN_CONSTANT_CONVERSION = YES;
				CLANG_WARN_DEPRECATED_OBJC_IMPLEMENTATIONS = YES;
				CLANG_WARN_DIRECT_OBJC_ISA_USAGE = YES_ERROR;
				CLANG_WARN_DOCUMENTATION_COMMENTS = YES;
				CLANG_WARN_EMPTY_BODY = YES;
				CLANG_WARN_ENUM_CONVERSION = YES;
				CLANG_WARN_INFINITE_RECURSION = YES;
				CLANG_WARN_INT_CONVERSION = YES;
				CLANG_WARN_NON_LITERAL_NULL_CONVERSION = YES;
				CLANG_WARN_OBJC_IMPLICIT_RETAIN_SELF = YES;
				CLANG_WARN_OBJC_LITERAL_CONVERSION = YES;
				CLANG_WARN_OBJC_ROOT_CLASS = YES_ERROR;
				CLANG_WARN_RANGE_LOOP_ANALYSIS = YES;
				CLANG_WARN_STRICT_PROTOTYPES = YES;
				CLANG_WARN_SUSPICIOUS_MOVE = YES;
				CLANG_WARN_UNGUARDED_AVAILABILITY = YES_AGGRESSIVE;
				CLANG_WARN_UNREACHABLE_CODE = YES;
				CLANG_WARN__DUPLICATE_METHOD_MATCH = YES;
				COPY_PHASE_STRIP = NO;
				DEBUG_INFORMATION_FORMAT = dwarf;
				ENABLE_STRICT_OBJC_MSGSEND = YES;
				ENABLE_TESTABILITY = YES;
				GCC_C_LANGUAGE_STANDARD = gnu11;
				GCC_DYNAMIC_NO_PIC = NO;
				GCC_NO_COMMON_BLOCKS = YES;
				GCC_OPTIMIZATION_LEVEL = 0;
				GCC_PREPROCESSOR_DEFINITIONS = (
					"DEBUG=1",
					"$(inherited)",
				);
				GCC_WARN_64_TO_32_BIT_CONVERSION = YES;
				GCC_WARN_ABOUT_RETURN_TYPE = YES_ERROR;
				GCC_WARN_UNDECLARED_SELECTOR = YES;
				GCC_WARN_UNINITIALIZED_AUTOS = YES_AGGRESSIVE;
				GCC_WARN_UNUSED_FUNCTION = YES;
				GCC_WARN_UNUSED_VARIABLE = YES;
				IPHONEOS_DEPLOYMENT_TARGET = 13.0;
				MTL_ENABLE_DEBUG_INFO = INCLUDE_SOURCE;
				MTL_FAST_MATH = YES;
				ONLY_ACTIVE_ARCH = YES;
				SDKROOT = iphoneos;
				SWIFT_ACTIVE_COMPILATION_CONDITIONS = DEBUG;
				SWIFT_OPTIMIZATION_LEVEL = "-Onone";
			};
			name = Debug;
		};
		C869574C234440D9007FF50F /* Release */ = {
			isa = XCBuildConfiguration;
			buildSettings = {
				ALWAYS_SEARCH_USER_PATHS = NO;
				CLANG_ANALYZER_NONNULL = YES;
				CLANG_ANALYZER_NUMBER_OBJECT_CONVERSION = YES_AGGRESSIVE;
				CLANG_CXX_LANGUAGE_STANDARD = "gnu++14";
				CLANG_CXX_LIBRARY = "libc++";
				CLANG_ENABLE_MODULES = YES;
				CLANG_ENABLE_OBJC_ARC = YES;
				CLANG_ENABLE_OBJC_WEAK = YES;
				CLANG_WARN_BLOCK_CAPTURE_AUTORELEASING = YES;
				CLANG_WARN_BOOL_CONVERSION = YES;
				CLANG_WARN_COMMA = YES;
				CLANG_WARN_CONSTANT_CONVERSION = YES;
				CLANG_WARN_DEPRECATED_OBJC_IMPLEMENTATIONS = YES;
				CLANG_WARN_DIRECT_OBJC_ISA_USAGE = YES_ERROR;
				CLANG_WARN_DOCUMENTATION_COMMENTS = YES;
				CLANG_WARN_EMPTY_BODY = YES;
				CLANG_WARN_ENUM_CONVERSION = YES;
				CLANG_WARN_INFINITE_RECURSION = YES;
				CLANG_WARN_INT_CONVERSION = YES;
				CLANG_WARN_NON_LITERAL_NULL_CONVERSION = YES;
				CLANG_WARN_OBJC_IMPLICIT_RETAIN_SELF = YES;
				CLANG_WARN_OBJC_LITERAL_CONVERSION = YES;
				CLANG_WARN_OBJC_ROOT_CLASS = YES_ERROR;
				CLANG_WARN_RANGE_LOOP_ANALYSIS = YES;
				CLANG_WARN_STRICT_PROTOTYPES = YES;
				CLANG_WARN_SUSPICIOUS_MOVE = YES;
				CLANG_WARN_UNGUARDED_AVAILABILITY = YES_AGGRESSIVE;
				CLANG_WARN_UNREACHABLE_CODE = YES;
				CLANG_WARN__DUPLICATE_METHOD_MATCH = YES;
				COPY_PHASE_STRIP = NO;
				DEBUG_INFORMATION_FORMAT = "dwarf-with-dsym";
				ENABLE_NS_ASSERTIONS = NO;
				ENABLE_STRICT_OBJC_MSGSEND = YES;
				GCC_C_LANGUAGE_STANDARD = gnu11;
				GCC_NO_COMMON_BLOCKS = YES;
				GCC_WARN_64_TO_32_BIT_CONVERSION = YES;
				GCC_WARN_ABOUT_RETURN_TYPE = YES_ERROR;
				GCC_WARN_UNDECLARED_SELECTOR = YES;
				GCC_WARN_UNINITIALIZED_AUTOS = YES_AGGRESSIVE;
				GCC_WARN_UNUSED_FUNCTION = YES;
				GCC_WARN_UNUSED_VARIABLE = YES;
				IPHONEOS_DEPLOYMENT_TARGET = 13.0;
				MTL_ENABLE_DEBUG_INFO = NO;
				MTL_FAST_MATH = YES;
				SDKROOT = iphoneos;
				SWIFT_COMPILATION_MODE = wholemodule;
				SWIFT_OPTIMIZATION_LEVEL = "-O";
				VALIDATE_PRODUCT = YES;
			};
			name = Release;
		};
		C869574E234440D9007FF50F /* Debug */ = {
			isa = XCBuildConfiguration;
			baseConfigurationReference = 2E20F36961E0B1EECCCCA40A /* Pods-firebase-auth.debug.xcconfig */;
			buildSettings = {
				ASSETCATALOG_COMPILER_APPICON_NAME = AppIcon;
				CODE_SIGN_ENTITLEMENTS = "firebase-auth/firebase-auth.entitlements";
				CODE_SIGN_STYLE = Automatic;
				DEVELOPMENT_ASSET_PATHS = "\"firebase-auth/Preview Content\"";
				DEVELOPMENT_TEAM = "";
				ENABLE_PREVIEWS = YES;
				INFOPLIST_FILE = "firebase-auth/Info.plist";
				LD_RUNPATH_SEARCH_PATHS = (
					"$(inherited)",
					"@executable_path/Frameworks",
				);
				PRODUCT_BUNDLE_IDENTIFIER = "shishimo.firebase-auth";
				PRODUCT_NAME = "$(TARGET_NAME)";
				SWIFT_VERSION = 5.0;
				TARGETED_DEVICE_FAMILY = "1,2";
			};
			name = Debug;
		};
		C869574F234440D9007FF50F /* Release */ = {
			isa = XCBuildConfiguration;
			baseConfigurationReference = 18955966535526A90FE8EBA6 /* Pods-firebase-auth.release.xcconfig */;
			buildSettings = {
				ASSETCATALOG_COMPILER_APPICON_NAME = AppIcon;
				CODE_SIGN_ENTITLEMENTS = "firebase-auth/firebase-auth.entitlements";
				CODE_SIGN_STYLE = Automatic;
				DEVELOPMENT_ASSET_PATHS = "\"firebase-auth/Preview Content\"";
				DEVELOPMENT_TEAM = "";
				ENABLE_PREVIEWS = YES;
				INFOPLIST_FILE = "firebase-auth/Info.plist";
				LD_RUNPATH_SEARCH_PATHS = (
					"$(inherited)",
					"@executable_path/Frameworks",
				);
				PRODUCT_BUNDLE_IDENTIFIER = "shishimo.firebase-auth";
				PRODUCT_NAME = "$(TARGET_NAME)";
				SWIFT_VERSION = 5.0;
				TARGETED_DEVICE_FAMILY = "1,2";
			};
			name = Release;
		};
		C8695751234440D9007FF50F /* Debug */ = {
			isa = XCBuildConfiguration;
			baseConfigurationReference = A1E176BC3636D76179511F0C /* Pods-firebase-authTests.debug.xcconfig */;
			buildSettings = {
				ALWAYS_EMBED_SWIFT_STANDARD_LIBRARIES = YES;
				BUNDLE_LOADER = "$(TEST_HOST)";
				CODE_SIGN_STYLE = Automatic;
				DEVELOPMENT_TEAM = V872GAW3MT;
				INFOPLIST_FILE = "firebase-authTests/Info.plist";
				IPHONEOS_DEPLOYMENT_TARGET = 13.0;
				LD_RUNPATH_SEARCH_PATHS = (
					"$(inherited)",
					"@executable_path/Frameworks",
					"@loader_path/Frameworks",
				);
				PRODUCT_BUNDLE_IDENTIFIER = "shishimo.firebase-authTests";
				PRODUCT_NAME = "$(TARGET_NAME)";
				SWIFT_VERSION = 5.0;
				TARGETED_DEVICE_FAMILY = "1,2";
				TEST_HOST = "$(BUILT_PRODUCTS_DIR)/firebase-auth.app/firebase-auth";
			};
			name = Debug;
		};
		C8695752234440D9007FF50F /* Release */ = {
			isa = XCBuildConfiguration;
			baseConfigurationReference = 62DA6488D424FFB69A4AB4F7 /* Pods-firebase-authTests.release.xcconfig */;
			buildSettings = {
				ALWAYS_EMBED_SWIFT_STANDARD_LIBRARIES = YES;
				BUNDLE_LOADER = "$(TEST_HOST)";
				CODE_SIGN_STYLE = Automatic;
				DEVELOPMENT_TEAM = V872GAW3MT;
				INFOPLIST_FILE = "firebase-authTests/Info.plist";
				IPHONEOS_DEPLOYMENT_TARGET = 13.0;
				LD_RUNPATH_SEARCH_PATHS = (
					"$(inherited)",
					"@executable_path/Frameworks",
					"@loader_path/Frameworks",
				);
				PRODUCT_BUNDLE_IDENTIFIER = "shishimo.firebase-authTests";
				PRODUCT_NAME = "$(TARGET_NAME)";
				SWIFT_VERSION = 5.0;
				TARGETED_DEVICE_FAMILY = "1,2";
				TEST_HOST = "$(BUILT_PRODUCTS_DIR)/firebase-auth.app/firebase-auth";
			};
			name = Release;
		};
		C8695754234440D9007FF50F /* Debug */ = {
			isa = XCBuildConfiguration;
			baseConfigurationReference = 9A70766F4BED724ED1292F6F /* Pods-firebase-auth-firebase-authUITests.debug.xcconfig */;
			buildSettings = {
				ALWAYS_EMBED_SWIFT_STANDARD_LIBRARIES = YES;
				CODE_SIGN_STYLE = Automatic;
				DEVELOPMENT_TEAM = V872GAW3MT;
				INFOPLIST_FILE = "firebase-authUITests/Info.plist";
				LD_RUNPATH_SEARCH_PATHS = (
					"$(inherited)",
					"@executable_path/Frameworks",
					"@loader_path/Frameworks",
				);
				PRODUCT_BUNDLE_IDENTIFIER = "shishimo.firebase-authUITests";
				PRODUCT_NAME = "$(TARGET_NAME)";
				SWIFT_VERSION = 5.0;
				TARGETED_DEVICE_FAMILY = "1,2";
				TEST_TARGET_NAME = "firebase-auth";
			};
			name = Debug;
		};
		C8695755234440D9007FF50F /* Release */ = {
			isa = XCBuildConfiguration;
			baseConfigurationReference = 720BB3B3112A767ACAF23AF8 /* Pods-firebase-auth-firebase-authUITests.release.xcconfig */;
			buildSettings = {
				ALWAYS_EMBED_SWIFT_STANDARD_LIBRARIES = YES;
				CODE_SIGN_STYLE = Automatic;
				DEVELOPMENT_TEAM = V872GAW3MT;
				INFOPLIST_FILE = "firebase-authUITests/Info.plist";
				LD_RUNPATH_SEARCH_PATHS = (
					"$(inherited)",
					"@executable_path/Frameworks",
					"@loader_path/Frameworks",
				);
				PRODUCT_BUNDLE_IDENTIFIER = "shishimo.firebase-authUITests";
				PRODUCT_NAME = "$(TARGET_NAME)";
				SWIFT_VERSION = 5.0;
				TARGETED_DEVICE_FAMILY = "1,2";
				TEST_TARGET_NAME = "firebase-auth";
			};
			name = Release;
		};
/* End XCBuildConfiguration section */

/* Begin XCConfigurationList section */
		C869571E234440D7007FF50F /* Build configuration list for PBXProject "firebase-auth" */ = {
			isa = XCConfigurationList;
			buildConfigurations = (
				C869574B234440D9007FF50F /* Debug */,
				C869574C234440D9007FF50F /* Release */,
			);
			defaultConfigurationIsVisible = 0;
			defaultConfigurationName = Release;
		};
		C869574D234440D9007FF50F /* Build configuration list for PBXNativeTarget "firebase-auth" */ = {
			isa = XCConfigurationList;
			buildConfigurations = (
				C869574E234440D9007FF50F /* Debug */,
				C869574F234440D9007FF50F /* Release */,
			);
			defaultConfigurationIsVisible = 0;
			defaultConfigurationName = Release;
		};
		C8695750234440D9007FF50F /* Build configuration list for PBXNativeTarget "firebase-authTests" */ = {
			isa = XCConfigurationList;
			buildConfigurations = (
				C8695751234440D9007FF50F /* Debug */,
				C8695752234440D9007FF50F /* Release */,
			);
			defaultConfigurationIsVisible = 0;
			defaultConfigurationName = Release;
		};
		C8695753234440D9007FF50F /* Build configuration list for PBXNativeTarget "firebase-authUITests" */ = {
			isa = XCConfigurationList;
			buildConfigurations = (
				C8695754234440D9007FF50F /* Debug */,
				C8695755234440D9007FF50F /* Release */,
			);
			defaultConfigurationIsVisible = 0;
			defaultConfigurationName = Release;
		};
/* End XCConfigurationList section */
	};
	rootObject = C869571B234440D7007FF50F /* Project object */;
}
